
Microsoft Visual Studio Solution File, Format Version 12.00
Project("{FAE04EC0-301F-11D3-BF4B-00C04F79EFBC}") = "Back-End-Service.Api", "Back-End-Service.Api\Back-End-Service.Api.csproj", "{7583845D-8681-4E85-9ADF-BEE7B05D4C6E}"
EndProject
Project("{FAE04EC0-301F-11D3-BF4B-00C04F79EFBC}") = "Back-End-Service.Identity", "Back-End-Service.Identity\Back-End-Service.Identity.csproj", "{6EA71FD1-B5A9-49D7-A422-BF80ADE820B0}"
EndProject
Global
	GlobalSection(SolutionConfigurationPlatforms) = preSolution
		Debug|Any CPU = Debug|Any CPU
		Release|Any CPU = Release|Any CPU
	EndGlobalSection
	GlobalSection(ProjectConfigurationPlatforms) = postSolution
		{7583845D-8681-4E85-9ADF-BEE7B05D4C6E}.Debug|Any CPU.ActiveCfg = Debug|Any CPU
		{7583845D-8681-4E85-9ADF-BEE7B05D4C6E}.Debug|Any CPU.Build.0 = Debug|Any CPU
		{7583845D-8681-4E85-9ADF-BEE7B05D4C6E}.Release|Any CPU.ActiveCfg = Release|Any CPU
		{7583845D-8681-4E85-9ADF-BEE7B05D4C6E}.Release|Any CPU.Build.0 = Release|Any CPU
		{6EA71FD1-B5A9-49D7-A422-BF80ADE820B0}.Debug|Any CPU.ActiveCfg = Debug|Any CPU
		{6EA71FD1-B5A9-49D7-A422-BF80ADE820B0}.Debug|Any CPU.Build.0 = Debug|Any CPU
		{6EA71FD1-B5A9-49D7-A422-BF80ADE820B0}.Release|Any CPU.ActiveCfg = Release|Any CPU
		{6EA71FD1-B5A9-49D7-A422-BF80ADE820B0}.Release|Any CPU.Build.0 = Release|Any CPU
	EndGlobalSection
EndGlobal
